
Microsoft Visual Studio Solution File, Format Version 12.00
# Visual Studio 15
VisualStudioVersion = 15.0.28307.2092
MinimumVisualStudioVersion = 10.0.40219.1
Project("{FAE04EC0-301F-11D3-BF4B-00C04F79EFBC}") = "Ödev2.4UygulamaSoruları", "Ödev2.4UygulamaSoruları\Ödev2.4UygulamaSoruları.csproj", "{4045A324-6FE7-48AD-A83E-0A14831E7665}"
EndProject
Global
	GlobalSection(SolutionConfigurationPlatforms) = preSolution
		Debug|Any CPU = Debug|Any CPU
		Release|Any CPU = Release|Any CPU
	EndGlobalSection
	GlobalSection(ProjectConfigurationPlatforms) = postSolution
		{4045A324-6FE7-48AD-A83E-0A14831E7665}.Debug|Any CPU.ActiveCfg = Debug|Any CPU
		{4045A324-6FE7-48AD-A83E-0A14831E7665}.Debug|Any CPU.Build.0 = Debug|Any CPU
		{4045A324-6FE7-48AD-A83E-0A14831E7665}.Release|Any CPU.ActiveCfg = Release|Any CPU
		{4045A324-6FE7-48AD-A83E-0A14831E7665}.Release|Any CPU.Build.0 = Release|Any CPU
	EndGlobalSection
	GlobalSection(SolutionProperties) = preSolution
		HideSolutionNode = FALSE
	EndGlobalSection
	GlobalSection(ExtensibilityGlobals) = postSolution
		SolutionGuid = {A698FD5C-167E-49E0-9DC4-C39B222443CF}
	EndGlobalSection
EndGlobal
